speakeasyVersion: 1.800.0
sources:
    Paygentic API:
        sourceNamespace: paygentic-api
        sourceRevisionDigest: sha256:a8676d65b8d2a698ecb8d4a236a094bb49d2072ba6dd1fde37f8639aaf7505cb
        sourceBlobDigest: sha256:d4f89d5f76b92a35b25da4bf32598c2cd13d84ce3c8125bbb88d7b1e448c99f8
        tags:
            - latest
targets:
    go:
        source: Paygentic API
        sourceNamespace: paygentic-api
        sourceRevisionDigest: sha256:a8676d65b8d2a698ecb8d4a236a094bb49d2072ba6dd1fde37f8639aaf7505cb
        sourceBlobDigest: sha256:d4f89d5f76b92a35b25da4bf32598c2cd13d84ce3c8125bbb88d7b1e448c99f8
        codeSamplesNamespace: paygentic-api-go-code-samples
        codeSamplesRevisionDigest: sha256:1555a4a34c8b11810b4b736d2d97d91b54444bdeb2f1fab269b980b89164a8d3
workflow:
    workflowVersion: 1.0.0
    speakeasyVersion: latest
    sources:
        Paygentic API:
            inputs:
                - location: registry.speakeasyapi.dev/paygentic/default/paygentic-api@$TAG
    targets:
        go:
            target: go
            source: Paygentic API
            codeSamples:
                registry:
                    location: registry.speakeasyapi.dev/paygentic/default/paygentic-api-go-code-samples
                labelOverride:
                    fixedValue: Go (SDK)
                blocking: false
            testing:
                enabled: true
