speakeasyVersion: 1.763.3
sources:
    Paygentic API:
        sourceNamespace: paygentic-api
        sourceRevisionDigest: sha256:60dc77dad0b45891e4a898a67d4dec0e84738ac61d85a06e9649f1cc94b3ee5c
        sourceBlobDigest: sha256:15265fb4ac2589919dc4040b34beffe2f6fb04ed0b66cff6890076c5d8d9516a
        tags:
            - latest
targets:
    go:
        source: Paygentic API
        sourceNamespace: paygentic-api
        sourceRevisionDigest: sha256:60dc77dad0b45891e4a898a67d4dec0e84738ac61d85a06e9649f1cc94b3ee5c
        sourceBlobDigest: sha256:15265fb4ac2589919dc4040b34beffe2f6fb04ed0b66cff6890076c5d8d9516a
        codeSamplesNamespace: paygentic-api-go-code-samples
        codeSamplesRevisionDigest: sha256:1b1f77de126601a87183cde28780533f7ab4866758b527fb7ce6368af3b81752
workflow:
    workflowVersion: 1.0.0
    speakeasyVersion: latest
    sources:
        Paygentic API:
            inputs:
                - location: registry.speakeasyapi.dev/paygentic/default/paygentic-api@$TAG
    targets:
        go:
            target: go
            source: Paygentic API
            codeSamples:
                registry:
                    location: registry.speakeasyapi.dev/paygentic/default/paygentic-api-go-code-samples
                labelOverride:
                    fixedValue: Go (SDK)
                blocking: false
            testing:
                enabled: true
