speakeasyVersion: 1.791.0
sources:
    Paygentic API:
        sourceNamespace: paygentic-api
        sourceRevisionDigest: sha256:3fcc2f3cc3b99d5b455ee1be57b6dffa974924122ce96d4523c8c8cd162fedf3
        sourceBlobDigest: sha256:7a5c8386f58e132f7f4424da61061e458acc6f072623b7371aaf4fae151c9237
        tags:
            - latest
targets:
    go:
        source: Paygentic API
        sourceNamespace: paygentic-api
        sourceRevisionDigest: sha256:3fcc2f3cc3b99d5b455ee1be57b6dffa974924122ce96d4523c8c8cd162fedf3
        sourceBlobDigest: sha256:7a5c8386f58e132f7f4424da61061e458acc6f072623b7371aaf4fae151c9237
        codeSamplesNamespace: paygentic-api-go-code-samples
        codeSamplesRevisionDigest: sha256:047dadf0381076c8bd7471821d1fc72ee4618e5c528ecb2b0b75594ebbfd75aa
workflow:
    workflowVersion: 1.0.0
    speakeasyVersion: latest
    sources:
        Paygentic API:
            inputs:
                - location: registry.speakeasyapi.dev/paygentic/default/paygentic-api@$TAG
    targets:
        go:
            target: go
            source: Paygentic API
            codeSamples:
                registry:
                    location: registry.speakeasyapi.dev/paygentic/default/paygentic-api-go-code-samples
                labelOverride:
                    fixedValue: Go (SDK)
                blocking: false
            testing:
                enabled: true
